Microsoft Visual Studio Solution File, Format Version 12.00
# Visual Studio Version 17
VisualStudioVersion = 17.5.2.0
MinimumVisualStudioVersion = 10.0.40219.1
Project("{FAE04EC0-301F-11D3-BF4B-00C04F79EFBC}") = "DefaultMonitorSwitcher", "DefaultMonitorSwitcher.csproj", "{A54F4CCE-5D8F-4AF6-5A39-6642ED50B63C}"
EndProject
Global
	GlobalSection(SolutionConfigurationPlatforms) = preSolution
		Debug|Any CPU = Debug|Any CPU
		Release|Any CPU = Release|Any CPU
	EndGlobalSection
	GlobalSection(ProjectConfigurationPlatforms) = postSolution
		{A54F4CCE-5D8F-4AF6-5A39-6642ED50B63C}.Debug|Any CPU.ActiveCfg = Debug|Any CPU
		{A54F4CCE-5D8F-4AF6-5A39-6642ED50B63C}.Debug|Any CPU.Build.0 = Debug|Any CPU
		{A54F4CCE-5D8F-4AF6-5A39-6642ED50B63C}.Release|Any CPU.ActiveCfg = Release|Any CPU
		{A54F4CCE-5D8F-4AF6-5A39-6642ED50B63C}.Release|Any CPU.Build.0 = Release|Any CPU
	EndGlobalSection
	GlobalSection(SolutionProperties) = preSolution
		HideSolutionNode = FALSE
	EndGlobalSection
	GlobalSection(ExtensibilityGlobals) = postSolution
		SolutionGuid = {2CE91B83-9551-4D79-BBDF-0847BAE86201}
	EndGlobalSection
EndGlobal
